
Microsoft Visual Studio Solution File, Format Version 12.00
# Visual Studio Version 16
VisualStudioVersion = 16.0.28922.388
MinimumVisualStudioVersion = 10.0.40219.1
Project("{9A19103F-16F7-4668-BE54-9A1E7A4F7556}") = "Trello", "Trello\Trello.csproj", "{A4BE81E0-263C-4955-A3B6-2B7B106CE879}"
EndProject
Project("{9A19103F-16F7-4668-BE54-9A1E7A4F7556}") = "Trello.BLL", "Trello.BLL\Trello.BLL.csproj", "{2BE24D30-B22C-47F4-B78C-A990B9AF129E}"
EndProject
Project("{9A19103F-16F7-4668-BE54-9A1E7A4F7556}") = "Trello.DAL", "Trello.DAL\Trello.DAL.csproj", "{BE76A294-70E6-408C-BBA6-0B71C648A04B}"
EndProject
Project("{FAE04EC0-301F-11D3-BF4B-00C04F79EFBC}") = "Trello.WEB", "Trello.WEB\Trello.WEB.csproj", "{96B84EAB-8CFD-4932-B152-86009092E59F}"
EndProject
Global
	GlobalSection(SolutionConfigurationPlatforms) = preSolution
		Debug|Any CPU = Debug|Any CPU
		Release|Any CPU = Release|Any CPU
	EndGlobalSection
	GlobalSection(ProjectConfigurationPlatforms) = postSolution
		{A4BE81E0-263C-4955-A3B6-2B7B106CE879}.Debug|Any CPU.ActiveCfg = Debug|Any CPU
		{A4BE81E0-263C-4955-A3B6-2B7B106CE879}.Debug|Any CPU.Build.0 = Debug|Any CPU
		{A4BE81E0-263C-4955-A3B6-2B7B106CE879}.Release|Any CPU.ActiveCfg = Release|Any CPU
		{A4BE81E0-263C-4955-A3B6-2B7B106CE879}.Release|Any CPU.Build.0 = Release|Any CPU
		{2BE24D30-B22C-47F4-B78C-A990B9AF129E}.Debug|Any CPU.ActiveCfg = Debug|Any CPU
		{2BE24D30-B22C-47F4-B78C-A990B9AF129E}.Debug|Any CPU.Build.0 = Debug|Any CPU
		{2BE24D30-B22C-47F4-B78C-A990B9AF129E}.Release|Any CPU.ActiveCfg = Release|Any CPU
		{2BE24D30-B22C-47F4-B78C-A990B9AF129E}.Release|Any CPU.Build.0 = Release|Any CPU
		{BE76A294-70E6-408C-BBA6-0B71C648A04B}.Debug|Any CPU.ActiveCfg = Debug|Any CPU
		{BE76A294-70E6-408C-BBA6-0B71C648A04B}.Debug|Any CPU.Build.0 = Debug|Any CPU
		{BE76A294-70E6-408C-BBA6-0B71C648A04B}.Release|Any CPU.ActiveCfg = Release|Any CPU
		{BE76A294-70E6-408C-BBA6-0B71C648A04B}.Release|Any CPU.Build.0 = Release|Any CPU
		{96B84EAB-8CFD-4932-B152-86009092E59F}.Debug|Any CPU.ActiveCfg = Debug|Any CPU
		{96B84EAB-8CFD-4932-B152-86009092E59F}.Debug|Any CPU.Build.0 = Debug|Any CPU
		{96B84EAB-8CFD-4932-B152-86009092E59F}.Release|Any CPU.ActiveCfg = Release|Any CPU
		{96B84EAB-8CFD-4932-B152-86009092E59F}.Release|Any CPU.Build.0 = Release|Any CPU
	EndGlobalSection
	GlobalSection(SolutionProperties) = preSolution
		HideSolutionNode = FALSE
	EndGlobalSection
	GlobalSection(ExtensibilityGlobals) = postSolution
		SolutionGuid = {0B8B5EC9-0216-43F2-9E27-1492253FC000}
	EndGlobalSection
EndGlobal
